
Microsoft Visual Studio Solution File, Format Version 12.00
# Visual Studio 15
VisualStudioVersion = 15.0.27428.2043
MinimumVisualStudioVersion = 10.0.40219.1
Project("{9A19103F-16F7-4668-BE54-9A1E7A4F7556}") = "FriendStorage.Model", "FriendStorage.Model\FriendStorage.Model.csproj", "{78A887C4-7FE0-4581-8464-086BD31FA7CE}"
EndProject
Project("{2150E333-8FDC-42A3-9474-1A3956D46DE8}") = "Test", "Test", "{60D7905E-CEFB-4249-82CB-8AD396A98443}"
EndProject
Project("{9A19103F-16F7-4668-BE54-9A1E7A4F7556}") = "FriendStorage.Model.Test", "Test\FriendStorage.Model.Test\FriendStorage.Model.Test.csproj", "{28E4EC2E-AB59-479F-A859-2FB02B9BF6CC}"
EndProject
Project("{FAE04EC0-301F-11D3-BF4B-00C04F79EFBC}") = "FriendStorage.DataAccess", "FriendStorage.DataAccess\FriendStorage.DataAccess.csproj", "{0665B12F-B380-4C9D-BEC0-C4C8DCFB5337}"
EndProject
Project("{FAE04EC0-301F-11D3-BF4B-00C04F79EFBC}") = "FriendStorage.DataAccess.Test", "Test\FriendStorage.DataAccess.Test\FriendStorage.DataAccess.Test.csproj", "{699200C4-3AC8-4C62-98B0-43042CFBD404}"
EndProject
Project("{FAE04EC0-301F-11D3-BF4B-00C04F79EFBC}") = "FriendStorage.UI", "FriendStorage.UI\FriendStorage.UI.csproj", "{7307EC64-D8D8-477F-9375-A437BF438F59}"
EndProject
Global
	GlobalSection(SolutionConfigurationPlatforms) = preSolution
		Debug|Any CPU = Debug|Any CPU
		Release|Any CPU = Release|Any CPU
	EndGlobalSection
	GlobalSection(ProjectConfigurationPlatforms) = postSolution
		{78A887C4-7FE0-4581-8464-086BD31FA7CE}.Debug|Any CPU.ActiveCfg = Debug|Any CPU
		{78A887C4-7FE0-4581-8464-086BD31FA7CE}.Debug|Any CPU.Build.0 = Debug|Any CPU
		{78A887C4-7FE0-4581-8464-086BD31FA7CE}.Release|Any CPU.ActiveCfg = Release|Any CPU
		{78A887C4-7FE0-4581-8464-086BD31FA7CE}.Release|Any CPU.Build.0 = Release|Any CPU
		{28E4EC2E-AB59-479F-A859-2FB02B9BF6CC}.Debug|Any CPU.ActiveCfg = Debug|Any CPU
		{28E4EC2E-AB59-479F-A859-2FB02B9BF6CC}.Debug|Any CPU.Build.0 = Debug|Any CPU
		{28E4EC2E-AB59-479F-A859-2FB02B9BF6CC}.Release|Any CPU.ActiveCfg = Release|Any CPU
		{28E4EC2E-AB59-479F-A859-2FB02B9BF6CC}.Release|Any CPU.Build.0 = Release|Any CPU
		{0665B12F-B380-4C9D-BEC0-C4C8DCFB5337}.Debug|Any CPU.ActiveCfg = Debug|Any CPU
		{0665B12F-B380-4C9D-BEC0-C4C8DCFB5337}.Debug|Any CPU.Build.0 = Debug|Any CPU
		{0665B12F-B380-4C9D-BEC0-C4C8DCFB5337}.Release|Any CPU.ActiveCfg = Release|Any CPU
		{0665B12F-B380-4C9D-BEC0-C4C8DCFB5337}.Release|Any CPU.Build.0 = Release|Any CPU
		{699200C4-3AC8-4C62-98B0-43042CFBD404}.Debug|Any CPU.ActiveCfg = Debug|Any CPU
		{699200C4-3AC8-4C62-98B0-43042CFBD404}.Debug|Any CPU.Build.0 = Debug|Any CPU
		{699200C4-3AC8-4C62-98B0-43042CFBD404}.Release|Any CPU.ActiveCfg = Release|Any CPU
		{699200C4-3AC8-4C62-98B0-43042CFBD404}.Release|Any CPU.Build.0 = Release|Any CPU
		{7307EC64-D8D8-477F-9375-A437BF438F59}.Debug|Any CPU.ActiveCfg = Debug|Any CPU
		{7307EC64-D8D8-477F-9375-A437BF438F59}.Debug|Any CPU.Build.0 = Debug|Any CPU
		{7307EC64-D8D8-477F-9375-A437BF438F59}.Release|Any CPU.ActiveCfg = Release|Any CPU
		{7307EC64-D8D8-477F-9375-A437BF438F59}.Release|Any CPU.Build.0 = Release|Any CPU
	EndGlobalSection
	GlobalSection(SolutionProperties) = preSolution
		HideSolutionNode = FALSE
	EndGlobalSection
	GlobalSection(NestedProjects) = preSolution
		{28E4EC2E-AB59-479F-A859-2FB02B9BF6CC} = {60D7905E-CEFB-4249-82CB-8AD396A98443}
		{699200C4-3AC8-4C62-98B0-43042CFBD404} = {60D7905E-CEFB-4249-82CB-8AD396A98443}
	EndGlobalSection
	GlobalSection(ExtensibilityGlobals) = postSolution
		SolutionGuid = {A9CC4FA9-ACED-412E-8451-73B96B544D77}
	EndGlobalSection
EndGlobal
